<?xml version="1.0" encoding="utf-8"?>
<Project ToolsVersion="4.0" xmlns="http://schemas.microsoft.com/developer/msbuild/2003">
  <ItemGroup>
    <Filter Include="Source Files">
      <UniqueIdentifier>{f76359f1-fa37-4a14-8027-bb853cc43da9}</UniqueIdentifier>
      <Extensions>cpp;c;cxx;rc;def;r;odl;idl;hpj;bat</Extensions>
    </Filter>
    <Filter Include="Source Files\CM">
      <UniqueIdentifier>{d95a7c91-b7e9-4ff5-a9d4-81c669f1e4f6}</UniqueIdentifier>
    </Filter>
    <Filter Include="Source Files\Components">
      <UniqueIdentifier>{67a376d2-bc5f-4328-8fb6-608f2f210bac}</UniqueIdentifier>
    </Filter>
    <Filter Include="Source Files\Components\CmpLog">
      <UniqueIdentifier>{793d6556-1ee4-46df-b992-69cde973fe9c}</UniqueIdentifier>
    </Filter>
    <Filter Include="Source Files\Components\CmpBinTagUtil">
      <UniqueIdentifier>{ea603129-1cea-4271-ae5a-aad8a3a7b2b1}</UniqueIdentifier>
    </Filter>
    <Filter Include="Source Files\Components\CmpChannelMgr">
      <UniqueIdentifier>{25a4f563-141f-45ac-8827-03c9f4229833}</UniqueIdentifier>
    </Filter>
    <Filter Include="Source Files\Components\CmpChannelServer">
      <UniqueIdentifier>{77d4e93e-df6e-48a6-b305-6b5beebe9faf}</UniqueIdentifier>
    </Filter>
    <Filter Include="Source Files\Components\CmpChecksum">
      <UniqueIdentifier>{5f3a0293-2876-4619-b6c5-40ebe296f34b}</UniqueIdentifier>
    </Filter>
    <Filter Include="Source Files\Components\CmpCommunicationLib">
      <UniqueIdentifier>{3962803a-e70f-4836-948a-b2663ac8b380}</UniqueIdentifier>
    </Filter>
    <Filter Include="Source Files\Components\CmpDevice">
      <UniqueIdentifier>{188c2e8b-dfd2-482e-9c25-7f9b79974423}</UniqueIdentifier>
    </Filter>
    <Filter Include="Source Files\Components\CmpEventMgr">
      <UniqueIdentifier>{58d677a7-684c-4b14-b8a6-02ab3d0ea5d1}</UniqueIdentifier>
    </Filter>
    <Filter Include="Source Files\Components\CmpMemPool">
      <UniqueIdentifier>{3655c297-a101-46d4-bae6-a40dddcb7b68}</UniqueIdentifier>
    </Filter>
    <Filter Include="Source Files\Components\CmpNameServiceClient">
      <UniqueIdentifier>{627423f6-08d7-4c44-981f-f60736321a0e}</UniqueIdentifier>
    </Filter>
    <Filter Include="Source Files\Components\CmpNameServiceServer">
      <UniqueIdentifier>{3824f5c4-0501-4559-bb8c-d5501ee0b0ce}</UniqueIdentifier>
    </Filter>
    <Filter Include="Source Files\Components\CmpRouter">
      <UniqueIdentifier>{4eb7d355-df05-4bed-bff2-248fc64dbf3f}</UniqueIdentifier>
    </Filter>
    <Filter Include="Source Files\Components\CmpSettingsEmbedded">
      <UniqueIdentifier>{c798dc2c-91f1-4bd6-833a-38e26c6b37cd}</UniqueIdentifier>
    </Filter>
    <Filter Include="Source Files\Components\CmpSrv">
      <UniqueIdentifier>{34ba852f-52e5-4552-bf14-96aff845bba0}</UniqueIdentifier>
    </Filter>
    <Filter Include="Source Files\Components\SysMem">
      <UniqueIdentifier>{9212286f-3708-447a-95e5-a92836dedada}</UniqueIdentifier>
    </Filter>
    <Filter Include="Source Files\Components\SysSem">
      <UniqueIdentifier>{f23d757a-6b24-4c8b-9e94-bd8b0002ebd8}</UniqueIdentifier>
    </Filter>
    <Filter Include="Source Files\Components\SysTarget">
      <UniqueIdentifier>{52c7696f-8f64-474d-97d8-320c58971bce}</UniqueIdentifier>
    </Filter>
    <Filter Include="Source Files\Components\SysTime">
      <UniqueIdentifier>{c69ed391-ced8-4620-a506-f94bc61b75ee}</UniqueIdentifier>
    </Filter>
    <Filter Include="Source Files\Components\SysTask">
      <UniqueIdentifier>{5fc4f685-3ccf-4ccf-8ca8-65bb17b25bbe}</UniqueIdentifier>
    </Filter>
    <Filter Include="Source Files\Components\SysExcept">
      <UniqueIdentifier>{ab9cd0d7-ff7e-4d2e-8962-c30168473968}</UniqueIdentifier>
    </Filter>
    <Filter Include="Source Files\Components\SysOut">
      <UniqueIdentifier>{dad966ed-8eb1-465f-ab4e-1ce9b7d86092}</UniqueIdentifier>
    </Filter>
    <Filter Include="Source Files\Components\SysSocket">
      <UniqueIdentifier>{59114f63-7531-4d66-8720-6b9e70c66413}</UniqueIdentifier>
    </Filter>
    <Filter Include="Source Files\Components\CmpParamDevice">
      <UniqueIdentifier>{0c93f0ca-6948-4bbe-8242-01a0bed897dd}</UniqueIdentifier>
    </Filter>
    <Filter Include="Source Files\Components\SysCpuHandling">
      <UniqueIdentifier>{7f213845-bb66-4998-9c63-bb1b6958c9d5}</UniqueIdentifier>
    </Filter>
    <Filter Include="Source Files\Plattforms">
      <UniqueIdentifier>{042d7198-9905-4217-bfab-8049e862f198}</UniqueIdentifier>
    </Filter>
    <Filter Include="Source Files\Plattforms\Win32">
      <UniqueIdentifier>{cffc0e48-1796-4351-90a4-650e9a64cee4}</UniqueIdentifier>
    </Filter>
    <Filter Include="Source Files\BlockDriver">
      <UniqueIdentifier>{4eb8494e-f2dd-42d5-b24d-0f86f8c64c53}</UniqueIdentifier>
    </Filter>
    <Filter Include="Source Files\BlockDriver\CmpBlkDrvUdp">
      <UniqueIdentifier>{e1f63f31-d767-4b89-946d-c689cb7ef68a}</UniqueIdentifier>
    </Filter>
    <Filter Include="Source Files\BlockDriver\CmpBlkDrvTcp">
      <UniqueIdentifier>{1d6c8800-7813-413d-b6ed-19a152e30831}</UniqueIdentifier>
    </Filter>
    <Filter Include="Header Files">
      <UniqueIdentifier>{c5bde288-b7c0-4d7a-9209-47221941fd39}</UniqueIdentifier>
      <Extensions>h;hpp;hxx;hm;inl</Extensions>
    </Filter>
  </ItemGroup>
  <ItemGroup>
    <ClCompile Include="..\..\..\..\Components\ComponentManager\CM.c">
      <Filter>Source Files\CM</Filter>
    </ClCompile>
    <ClCompile Include="..\..\..\..\Components\ComponentManager\CMBasicChecks.c">
      <Filter>Source Files\CM</Filter>
    </ClCompile>
    <ClCompile Include="..\..\..\..\Components\ComponentManager\CMUtils.c">
      <Filter>Source Files\CM</Filter>
    </ClCompile>
    <ClCompile Include="..\..\..\..\Components\CmpLog\CmpLog.c">
      <Filter>Source Files\Components\CmpLog</Filter>
    </ClCompile>
    <ClCompile Include="..\..\..\..\Components\CmpLog\CmpLogSrv.c">
      <Filter>Source Files\Components\CmpLog</Filter>
    </ClCompile>
    <ClCompile Include="..\..\..\..\Components\CmpBinTagUtil\CmpBinTagUtil.c">
      <Filter>Source Files\Components\CmpBinTagUtil</Filter>
    </ClCompile>
    <ClCompile Include="..\..\..\..\Components\CmpChannelMgr\CmpChannelMgr.c">
      <Filter>Source Files\Components\CmpChannelMgr</Filter>
    </ClCompile>
    <ClCompile Include="..\..\..\..\Components\CmpChannelServer\CmpChannelServer.c">
      <Filter>Source Files\Components\CmpChannelServer</Filter>
    </ClCompile>
    <ClCompile Include="..\..\..\..\Components\CmpChecksum\CmpChecksum.c">
      <Filter>Source Files\Components\CmpChecksum</Filter>
    </ClCompile>
    <ClCompile Include="..\..\..\..\Components\CmpChecksum\CmpChecksumCrc16.c">
      <Filter>Source Files\Components\CmpChecksum</Filter>
    </ClCompile>
    <ClCompile Include="..\..\..\..\Components\CmpChecksum\CmpChecksumCrc32.c">
      <Filter>Source Files\Components\CmpChecksum</Filter>
    </ClCompile>
    <ClCompile Include="..\..\..\..\Components\CmpCommunicationLib\CmpCommunicationLib.c">
      <Filter>Source Files\Components\CmpCommunicationLib</Filter>
    </ClCompile>
    <ClCompile Include="..\..\..\..\Components\CmpDevice\CmpDevice.c">
      <Filter>Source Files\Components\CmpDevice</Filter>
    </ClCompile>
    <ClCompile Include="..\..\..\..\Components\CmpDevice\CmpDeviceSrv.c">
      <Filter>Source Files\Components\CmpDevice</Filter>
    </ClCompile>
    <ClCompile Include="..\..\..\..\Components\CmpEventMgr\CmpEventMgr.c">
      <Filter>Source Files\Components\CmpEventMgr</Filter>
    </ClCompile>
    <ClCompile Include="..\..\..\..\Components\CmpMemPool\CmpMemPool.c">
      <Filter>Source Files\Components\CmpMemPool</Filter>
    </ClCompile>
    <ClCompile Include="..\..\..\..\Components\CmpNameServiceClient\CmpNameServiceClient.c">
      <Filter>Source Files\Components\CmpNameServiceClient</Filter>
    </ClCompile>
    <ClCompile Include="..\..\..\..\Components\CmpNameServiceServer\CmpNameServiceServer.c">
      <Filter>Source Files\Components\CmpNameServiceServer</Filter>
    </ClCompile>
    <ClCompile Include="..\..\..\..\Components\CmpRouter\CmpRouter.c">
      <Filter>Source Files\Components\CmpRouter</Filter>
    </ClCompile>
    <ClCompile Include="..\..\..\..\Components\CmpRouter\CmpRouterAddrSrvc.c">
      <Filter>Source Files\Components\CmpRouter</Filter>
    </ClCompile>
    <ClCompile Include="..\..\..\..\Components\CmpRouter\CmpRouterBlocksizeCache.c">
      <Filter>Source Files\Components\CmpRouter</Filter>
    </ClCompile>
    <ClCompile Include="..\..\..\..\Components\CmpSettingsEmbedded\CmpSettingsEmbedded.c">
      <Filter>Source Files\Components\CmpSettingsEmbedded</Filter>
    </ClCompile>
    <ClCompile Include="..\..\..\..\Components\CmpSettingsEmbedded\CmpSettingsEmbeddedSrv.c">
      <Filter>Source Files\Components\CmpSettingsEmbedded</Filter>
    </ClCompile>
    <ClCompile Include="..\..\..\..\Components\CmpSrv\CmpSrv.c">
      <Filter>Source Files\Components\CmpSrv</Filter>
    </ClCompile>
    <ClCompile Include="..\..\..\..\Components\SysMem\SysMem.c">
      <Filter>Source Files\Components\SysMem</Filter>
    </ClCompile>
    <ClCompile Include="..\..\..\..\Components\SysSem\SysSem.c">
      <Filter>Source Files\Components\SysSem</Filter>
    </ClCompile>
    <ClCompile Include="..\..\..\..\Components\SysTarget\SysTarget.c">
      <Filter>Source Files\Components\SysTarget</Filter>
    </ClCompile>
    <ClCompile Include="..\..\..\..\Components\SysTime\SysTime.c">
      <Filter>Source Files\Components\SysTime</Filter>
    </ClCompile>
    <ClCompile Include="..\..\..\..\Components\SysTask\SysTask.c">
      <Filter>Source Files\Components\SysTask</Filter>
    </ClCompile>
    <ClCompile Include="..\..\..\..\Components\SysExcept\SysExcept.c">
      <Filter>Source Files\Components\SysExcept</Filter>
    </ClCompile>
    <ClCompile Include="..\..\..\..\Components\SysOut\SysOut.c">
      <Filter>Source Files\Components\SysOut</Filter>
    </ClCompile>
    <ClCompile Include="..\..\..\..\Components\SysSocket\SysSocket.c">
      <Filter>Source Files\Components\SysSocket</Filter>
    </ClCompile>
    <ClCompile Include="..\..\..\..\Components\CmpParamDevice\CmpParamDevice.c">
      <Filter>Source Files\Components\CmpParamDevice</Filter>
    </ClCompile>
    <ClCompile Include="..\..\..\..\Components\SysCpuHandling\SysCpuHandling.c">
      <Filter>Source Files\Components\SysCpuHandling</Filter>
    </ClCompile>
    <ClCompile Include="..\..\Sys\SysCpuHandlingWin32.c">
      <Filter>Source Files\Components\SysCpuHandling</Filter>
    </ClCompile>
    <ClCompile Include="..\..\..\..\Components\CmpBlkDrvUdp\CmpBlkDrvUdp.c">
      <Filter>Source Files\BlockDriver\CmpBlkDrvUdp</Filter>
    </ClCompile>
    <ClCompile Include="..\..\..\..\Components\CmpBlkDrvTcp\CmpBlkDrvTcp.c">
      <Filter>Source Files\BlockDriver\CmpBlkDrvTcp</Filter>
    </ClCompile>
    <ClCompile Include="..\..\MainDevice.c">
      <Filter>Source Files\CM</Filter>
    </ClCompile>
    <ClCompile Include="..\..\..\..\Platforms\Windows\Sys\SysExceptWin32.c">
      <Filter>Source Files\Plattforms\Win32</Filter>
    </ClCompile>
    <ClCompile Include="..\..\..\..\Platforms\Windows\Sys\SysMemWin32.c">
      <Filter>Source Files\Plattforms\Win32</Filter>
    </ClCompile>
    <ClCompile Include="..\..\..\..\Platforms\Windows\Sys\SysOutWin32.c">
      <Filter>Source Files\Plattforms\Win32</Filter>
    </ClCompile>
    <ClCompile Include="..\..\..\..\Platforms\Windows\Sys\SysSemWin32.c">
      <Filter>Source Files\Plattforms\Win32</Filter>
    </ClCompile>
    <ClCompile Include="..\..\..\..\Platforms\Windows\Sys\SysSocketWin32.c">
      <Filter>Source Files\Plattforms\Win32</Filter>
    </ClCompile>
    <ClCompile Include="..\..\..\..\Platforms\Windows\Sys\SysTargetWin32.c">
      <Filter>Source Files\Plattforms\Win32</Filter>
    </ClCompile>
    <ClCompile Include="..\..\..\..\Platforms\Windows\Sys\SysTaskWin32.c">
      <Filter>Source Files\Plattforms\Win32</Filter>
    </ClCompile>
    <ClCompile Include="..\..\..\..\Platforms\Windows\Sys\SysTimeWin32.c">
      <Filter>Source Files\Plattforms\Win32</Filter>
    </ClCompile>
  </ItemGroup>
  <ItemGroup>
    <ClInclude Include="..\..\..\..\Components\CmpLog\CmpLog.h">
      <Filter>Source Files\Components\CmpLog</Filter>
    </ClInclude>
    <ClInclude Include="..\..\..\..\Components\CmpChannelMgr\CmpChannelMgr.h">
      <Filter>Source Files\Components\CmpChannelMgr</Filter>
    </ClInclude>
    <ClInclude Include="..\..\..\..\Components\CmpNameServiceClient\CmpNameServiceClient.h">
      <Filter>Source Files\Components\CmpNameServiceClient</Filter>
    </ClInclude>
    <ClInclude Include="..\..\..\..\Components\CmpRouter\CmpRouter.h">
      <Filter>Source Files\Components\CmpRouter</Filter>
    </ClInclude>
    <ClInclude Include="..\..\..\..\Components\CmpRouter\CmpRouterAddrSrvc.h">
      <Filter>Source Files\Components\CmpRouter</Filter>
    </ClInclude>
    <ClInclude Include="..\..\..\..\Components\CmpRouter\CmpRouterBlocksizeCache.h">
      <Filter>Source Files\Components\CmpRouter</Filter>
    </ClInclude>
    <ClInclude Include="..\..\..\..\Components\CmpSettingsEmbedded\CmpSettingsEmbedded.h">
      <Filter>Source Files\Components\CmpSettingsEmbedded</Filter>
    </ClInclude>
    <ClInclude Include="..\..\..\..\Components\SysTask\SysTask.h">
      <Filter>Source Files\Components\SysTask</Filter>
    </ClInclude>
    <ClInclude Include="..\..\..\..\Components\SysExcept\SysExcept.h">
      <Filter>Source Files\Components\SysExcept</Filter>
    </ClInclude>
    <ClInclude Include="..\..\..\..\Components\CmpBlkDrvUdp\CmpBlkDrvUdp.h">
      <Filter>Source Files\BlockDriver\CmpBlkDrvUdp</Filter>
    </ClInclude>
    <ClInclude Include="sysdefines.h">
      <Filter>Header Files</Filter>
    </ClInclude>
    <ClInclude Include="sysspecific.h">
      <Filter>Header Files</Filter>
    </ClInclude>
    <ClInclude Include="..\..\ParamDevice.h">
      <Filter>Header Files</Filter>
    </ClInclude>
    <ClInclude Include="..\..\ParamDevice_NotImpl.h">
      <Filter>Header Files</Filter>
    </ClInclude>
  </ItemGroup>
</Project>