<?xml version="1.0" encoding="utf-8"?>
<Project ToolsVersion="4.0" xmlns="http://schemas.microsoft.com/developer/msbuild/2003">
  <ItemGroup>
    <Filter Include="Source Files">
      <UniqueIdentifier>{aa4dc09a-4f86-4771-9d61-bf3782244b37}</UniqueIdentifier>
    </Filter>
    <Filter Include="Header Files">
      <UniqueIdentifier>{a50e5bba-17cf-4300-a256-91bd9d936161}</UniqueIdentifier>
    </Filter>
  </ItemGroup>
  <ItemGroup>
    <ClCompile Include="..\CmpOpenSSLOEM.c">
      <Filter>Source Files</Filter>
    </ClCompile>
  </ItemGroup>
  <ItemGroup>
    <ClInclude Include="..\..\..\Components\CmpTlsItf.h">
      <Filter>Header Files</Filter>
    </ClInclude>
    <ClInclude Include="..\..\..\Components\CmpCryptoItf.h">
      <Filter>Header Files</Filter>
    </ClInclude>
    <ClInclude Include="..\CmpOpenSSLOEMDep.h">
      <Filter>Header Files</Filter>
    </ClInclude>
    <ClInclude Include="..\..\..\Components\SysSocket2Itf.h">
      <Filter>Header Files</Filter>
    </ClInclude>
    <ClInclude Include="..\..\..\Components\CmpX509CertItf.h">
      <Filter>Header Files</Filter>
    </ClInclude>
  </ItemGroup>
</Project>