<?xml version="1.0" encoding="utf-8"?>
<Project ToolsVersion="4.0" xmlns="http://schemas.microsoft.com/developer/msbuild/2003">
  <ItemGroup>
    <Filter Include="Source Files">
      <UniqueIdentifier>{4FC737F1-C7A5-4376-A066-2A32D752A2FF}</UniqueIdentifier>
      <Extensions>cpp;c;cc;cxx;def;odl;idl;hpj;bat;asm;asmx</Extensions>
    </Filter>
    <Filter Include="Header Files">
      <UniqueIdentifier>{93995380-89BD-4b04-88EB-625FBE52EBFB}</UniqueIdentifier>
      <Extensions>h;hh;hpp;hxx;hm;inl;inc;xsd</Extensions>
    </Filter>
    <Filter Include="Resource Files">
      <UniqueIdentifier>{67DA6AB6-F800-4c08-8B7A-83BB121AAD01}</UniqueIdentifier>
      <Extensions>rc;ico;cur;bmp;dlg;rc2;rct;bin;rgs;gif;jpg;jpeg;jpe;resx;tiff;tif;png;wav;mfcribbon-ms</Extensions>
    </Filter>
    <Filter Include="Source Files\Sys">
      <UniqueIdentifier>{006bb131-6812-425d-bd89-e85ea547cb84}</UniqueIdentifier>
    </Filter>
    <Filter Include="Source Files\Cmp">
      <UniqueIdentifier>{8708be39-29aa-4125-8906-88afa3318af3}</UniqueIdentifier>
    </Filter>
    <Filter Include="Source Files\CM">
      <UniqueIdentifier>{88904751-bb03-4977-be37-530f2ccce3e0}</UniqueIdentifier>
    </Filter>
    <Filter Include="Source Files\Sys\Windows">
      <UniqueIdentifier>{b3becd4f-8c32-4c72-aae7-f52aa9c36d90}</UniqueIdentifier>
    </Filter>
    <Filter Include="Source Files\CmpDeviceManagement">
      <UniqueIdentifier>{2da58ac2-0398-4589-ab58-44e2e3476b1b}</UniqueIdentifier>
    </Filter>
  </ItemGroup>
  <ItemGroup>
    <ClCompile Include="..\..\..\Components\ComponentManager\CM.c">
      <Filter>Source Files\CM</Filter>
    </ClCompile>
    <ClCompile Include="..\..\..\Components\ComponentManager\CMBasicChecks.c">
      <Filter>Source Files\CM</Filter>
    </ClCompile>
    <ClCompile Include="..\..\..\Components\ComponentManager\CMUtils.c">
      <Filter>Source Files\CM</Filter>
    </ClCompile>
    <ClCompile Include="..\..\..\Components\CmpChecksum\CmpChecksum.c">
      <Filter>Source Files\Cmp</Filter>
    </ClCompile>
    <ClCompile Include="..\..\..\Components\CmpChecksum\CmpChecksumCrc16.c">
      <Filter>Source Files\Cmp</Filter>
    </ClCompile>
    <ClCompile Include="..\..\..\Components\CmpChecksum\CmpChecksumCrc32.c">
      <Filter>Source Files\Cmp</Filter>
    </ClCompile>
    <ClCompile Include="..\..\..\Components\CmpDevice\CmpDevice.c">
      <Filter>Source Files\Cmp</Filter>
    </ClCompile>
    <ClCompile Include="..\..\..\Components\CmpDevice\CmpDeviceSrv.c">
      <Filter>Source Files\Cmp</Filter>
    </ClCompile>
    <ClCompile Include="..\..\..\Components\CmpEventMgr\CmpEventMgr.c">
      <Filter>Source Files\Cmp</Filter>
    </ClCompile>
    <ClCompile Include="..\..\..\Components\CmpLog\CmpLog.c">
      <Filter>Source Files\Cmp</Filter>
    </ClCompile>
    <ClCompile Include="..\..\..\Components\CmpLog\CmpLogSrv.c">
      <Filter>Source Files\Cmp</Filter>
    </ClCompile>
    <ClCompile Include="..\..\..\Components\CmpMemPool\CmpMemPool.c">
      <Filter>Source Files\Cmp</Filter>
    </ClCompile>
    <ClCompile Include="..\..\..\Components\CmpSettings\CmpSettings.c">
      <Filter>Source Files\Cmp</Filter>
    </ClCompile>
    <ClCompile Include="..\..\..\Components\CmpSettings\CmpSettingsBackendIniFile.c">
      <Filter>Source Files\Cmp</Filter>
    </ClCompile>
    <ClCompile Include="..\..\..\Components\SysCpuHandling\SysCpuHandling.c">
      <Filter>Source Files\Sys</Filter>
    </ClCompile>
    <ClCompile Include="..\..\..\Components\SysDir\SysDir.c">
      <Filter>Source Files\Sys</Filter>
    </ClCompile>
    <ClCompile Include="..\..\..\Components\SysEvent\SysEvent.c">
      <Filter>Source Files\Sys</Filter>
    </ClCompile>
    <ClCompile Include="..\..\..\Components\SysExcept\SysExcept.c">
      <Filter>Source Files\Sys</Filter>
    </ClCompile>
    <ClCompile Include="..\..\..\Components\SysFile\SysFile.c">
      <Filter>Source Files\Sys</Filter>
    </ClCompile>
    <ClCompile Include="..\..\..\Components\SysMem\SysMem.c">
      <Filter>Source Files\Sys</Filter>
    </ClCompile>
    <ClCompile Include="..\..\..\Components\SysOut\SysOut.c">
      <Filter>Source Files\Sys</Filter>
    </ClCompile>
    <ClCompile Include="..\..\..\Components\SysTarget\SysTarget.c">
      <Filter>Source Files\Sys</Filter>
    </ClCompile>
    <ClCompile Include="..\..\..\Components\SysTime\SysTime.c">
      <Filter>Source Files\Sys</Filter>
    </ClCompile>
    <ClCompile Include="..\..\..\Platforms\Windows\Sys\SysCpuHandlingWin32.c">
      <Filter>Source Files\Sys\Windows</Filter>
    </ClCompile>
    <ClCompile Include="..\..\..\Platforms\Windows\Sys\SysDirWin32.c">
      <Filter>Source Files\Sys\Windows</Filter>
    </ClCompile>
    <ClCompile Include="..\..\..\Platforms\Windows\Sys\SysExceptWin32.c">
      <Filter>Source Files\Sys\Windows</Filter>
    </ClCompile>
    <ClCompile Include="..\..\..\Platforms\Windows\Sys\SysFileWin32.c">
      <Filter>Source Files\Sys\Windows</Filter>
    </ClCompile>
    <ClCompile Include="..\..\..\Platforms\Windows\Sys\SysMemWin32.c">
      <Filter>Source Files\Sys\Windows</Filter>
    </ClCompile>
    <ClCompile Include="..\..\..\Platforms\Windows\Sys\SysOutWin32.c">
      <Filter>Source Files\Sys\Windows</Filter>
    </ClCompile>
    <ClCompile Include="..\..\..\Platforms\Windows\Sys\SysTargetWin32.c">
      <Filter>Source Files\Sys\Windows</Filter>
    </ClCompile>
    <ClCompile Include="..\..\..\Platforms\Windows\Sys\SysTimeWin32.c">
      <Filter>Source Files\Sys\Windows</Filter>
    </ClCompile>
    <ClCompile Include="..\..\..\Platforms\Windows\Sys\SysEventWin32.c">
      <Filter>Source Files\Sys\Windows</Filter>
    </ClCompile>
    <ClCompile Include="..\..\..\Platforms\Windows\Sys\SysTargetWin32WMI.cpp">
      <Filter>Source Files\Sys\Windows</Filter>
    </ClCompile>
    <ClCompile Include="..\..\..\Components\SysTimeRtc\SysTimeRtc.c">
      <Filter>Source Files\Sys</Filter>
    </ClCompile>
    <ClCompile Include="..\..\..\Platforms\Windows\Sys\SysTimeRtcWin32.c">
      <Filter>Source Files\Sys\Windows</Filter>
    </ClCompile>
    <ClCompile Include="..\..\..\Components\SysProcess\SysProcess.c">
      <Filter>Source Files\Sys</Filter>
    </ClCompile>
    <ClCompile Include="..\..\..\Platforms\Windows\Sys\SysProcessWin32.c">
      <Filter>Source Files\Sys\Windows</Filter>
    </ClCompile>
    <ClCompile Include="..\..\..\Components\SysShm\SysShm.c">
      <Filter>Source Files\Sys</Filter>
    </ClCompile>
    <ClCompile Include="..\..\..\Platforms\Windows\Sys\SysShmWin32.c">
      <Filter>Source Files\Sys\Windows</Filter>
    </ClCompile>
    <ClCompile Include="..\..\..\Components\SysTask\SysTask.c">
      <Filter>Source Files\Sys</Filter>
    </ClCompile>
    <ClCompile Include="..\..\..\Platforms\Windows\Sys\SysTaskWin32.c">
      <Filter>Source Files\Sys\Windows</Filter>
    </ClCompile>
    <ClCompile Include="..\..\..\Components\CmpIpc\CmpIpc.c">
      <Filter>Source Files\Cmp</Filter>
    </ClCompile>
    <ClCompile Include="..\..\..\Components\SysSem\SysSem.c">
      <Filter>Source Files\Sys</Filter>
    </ClCompile>
    <ClCompile Include="..\..\..\Platforms\Windows\Sys\SysSemWin32.c">
      <Filter>Source Files\Sys\Windows</Filter>
    </ClCompile>
    <ClCompile Include="..\..\..\Components\SysServices\SysServices.c">
      <Filter>Source Files\Sys</Filter>
    </ClCompile>
    <ClCompile Include="..\..\..\Platforms\Windows\Sys\SysServicesWin32.c">
      <Filter>Source Files\Sys\Windows</Filter>
    </ClCompile>
    <ClCompile Include="..\DeviceManagementServiceMain.c">
      <Filter>Source Files</Filter>
    </ClCompile>
    <ClCompile Include="..\..\..\Components__AddOns__\CmpDeviceManagement\CmpDeviceManagement.c">
      <Filter>Source Files\CmpDeviceManagement</Filter>
    </ClCompile>
    <ClCompile Include="..\..\..\Components__AddOns__\CmpDeviceManagement\CmpDeviceManagementClient.c">
      <Filter>Source Files\CmpDeviceManagement</Filter>
    </ClCompile>
    <ClCompile Include="..\..\..\Components__AddOns__\CmpDeviceManagement\CmpDeviceManagementIPC.c">
      <Filter>Source Files\CmpDeviceManagement</Filter>
    </ClCompile>
    <ClCompile Include="..\..\..\Components__AddOns__\CmpDeviceManagement\CmpDeviceManagementPlcShellCmds.c">
      <Filter>Source Files\CmpDeviceManagement</Filter>
    </ClCompile>
    <ClCompile Include="..\..\..\Components__AddOns__\CmpDeviceManagement\CmpDeviceManagementServer.c">
      <Filter>Source Files\CmpDeviceManagement</Filter>
    </ClCompile>
  </ItemGroup>
  <ItemGroup>
    <ClInclude Include="..\..\..\Platforms\Windows\sysdefines.h">
      <Filter>Header Files</Filter>
    </ClInclude>
    <ClInclude Include="..\..\..\Platforms\Windows\sysspecific.h">
      <Filter>Header Files</Filter>
    </ClInclude>
    <ClInclude Include="..\targetdefines.h">
      <Filter>Header Files</Filter>
    </ClInclude>
    <ClInclude Include="..\profile.h">
      <Filter>Header Files</Filter>
    </ClInclude>
  </ItemGroup>
</Project>