<?xml version="1.0" encoding="utf-8"?>
<Project ToolsVersion="4.0" xmlns="http://schemas.microsoft.com/developer/msbuild/2003">
  <ItemGroup>
    <Filter Include="Source Files">
      <UniqueIdentifier>{829f3e2f-56aa-4bb0-bdec-662537566534}</UniqueIdentifier>
      <Extensions>cpp;c;cxx;rc;def;r;odl;idl;hpj;bat</Extensions>
    </Filter>
    <Filter Include="Header Files">
      <UniqueIdentifier>{4801b074-8be9-4839-b767-6e259ae6aeea}</UniqueIdentifier>
      <Extensions>h;hpp;hxx;hm;inl</Extensions>
    </Filter>
    <Filter Include="m4-Build">
      <UniqueIdentifier>{8b36fd17-b1c1-4f42-b573-6a8ff4f859a2}</UniqueIdentifier>
    </Filter>
    <Filter Include="Resource Files">
      <UniqueIdentifier>{9e4ca4a7-08b7-41c0-a3e8-9a1c5fba7da9}</UniqueIdentifier>
      <Extensions>ico;cur;bmp;dlg;rc2;rct;bin;rgs;gif;jpg;jpeg;jpe</Extensions>
    </Filter>
  </ItemGroup>
  <ItemGroup>
    <ClCompile Include="..\CmpPlcShellHandler.c">
      <Filter>Source Files</Filter>
    </ClCompile>
  </ItemGroup>
  <ItemGroup>
    <ClInclude Include="..\CmpPlcShellHandlerDep.h">
      <Filter>Header Files</Filter>
    </ClInclude>
    <ClInclude Include="..\CmpPlcShellHandlerItf.h">
      <Filter>Header Files</Filter>
    </ClInclude>
  </ItemGroup>
  <ItemGroup>
    <None Include="..\CmpPlcShellHandlerDep.m4">
      <Filter>Header Files</Filter>
    </None>
    <None Include="..\CmpPlcShellHandlerItf.m4">
      <Filter>Header Files</Filter>
    </None>
  </ItemGroup>
  <ItemGroup>
    <CustomBuildStep Include="..\CmpPlcShellHandlerDep_m4.bat">
      <Filter>m4-Build</Filter>
    </CustomBuildStep>
    <CustomBuildStep Include="..\CmpPlcShellHandlerItf_m4.bat">
      <Filter>m4-Build</Filter>
    </CustomBuildStep>
  </ItemGroup>
</Project>