
Microsoft Visual Studio Solution File, Format Version 9.00
# Visual Studio 2005
Project("{8BC9CEB8-8B4A-11D0-8D11-00A0C91BC942}") = "CmpPlcShellHandler", "CmpPlcShellHandler.vcproj", "{022BB45C-80E2-49A6-910F-E02D5A7BFA68}"
EndProject
Global
	GlobalSection(SolutionConfigurationPlatforms) = preSolution
		Debug|Win32 = Debug|Win32
		Release|Win32 = Release|Win32
	EndGlobalSection
	GlobalSection(ProjectConfigurationPlatforms) = postSolution
		{022BB45C-80E2-49A6-910F-E02D5A7BFA68}.Debug|Win32.ActiveCfg = Debug|Win32
		{022BB45C-80E2-49A6-910F-E02D5A7BFA68}.Debug|Win32.Build.0 = Debug|Win32
		{022BB45C-80E2-49A6-910F-E02D5A7BFA68}.Release|Win32.ActiveCfg = Release|Win32
		{022BB45C-80E2-49A6-910F-E02D5A7BFA68}.Release|Win32.Build.0 = Release|Win32
	EndGlobalSection
	GlobalSection(SolutionProperties) = preSolution
		HideSolutionNode = FALSE
	EndGlobalSection
EndGlobal
