<?xml version="1.0" encoding="utf-8"?>
<Project ToolsVersion="4.0" xmlns="http://schemas.microsoft.com/developer/msbuild/2003">
  <ItemGroup>
    <Filter Include="Source Files">
      <UniqueIdentifier>{38d9340f-b9fe-425c-87e7-ee02c7e01499}</UniqueIdentifier>
      <Extensions>cpp;c;cxx;rc;def;r;odl;idl;hpj;bat</Extensions>
    </Filter>
    <Filter Include="Header Files">
      <UniqueIdentifier>{396ae6ed-d247-4cfd-82f7-e33579363ae9}</UniqueIdentifier>
      <Extensions>h;hpp;hxx;hm;inl</Extensions>
    </Filter>
    <Filter Include="Resource Files">
      <UniqueIdentifier>{500775ff-08e6-4637-9ce2-82ee0f8863fb}</UniqueIdentifier>
      <Extensions>ico;cur;bmp;dlg;rc2;rct;bin;rgs;gif;jpg;jpeg;jpe</Extensions>
    </Filter>
  </ItemGroup>
  <ItemGroup>
    <CustomBuild Include="..\CmpTraceMgrOEM_CPPDep.m4">
      <Filter>Header Files</Filter>
    </CustomBuild>
    <CustomBuild Include="..\CmpTraceMgrOEM_CPPItf.m4">
      <Filter>Header Files</Filter>
    </CustomBuild>
  </ItemGroup>
  <ItemGroup>
    <ClInclude Include="..\CmpTraceMgrOEM_CPPDep.h">
      <Filter>Header Files</Filter>
    </ClInclude>
    <ClInclude Include="..\CmpTraceMgrOEM_CPPItf.h">
      <Filter>Header Files</Filter>
    </ClInclude>
  </ItemGroup>
  <ItemGroup>
    <ClCompile Include="..\CmpTraceMgrOEM.cpp">
      <Filter>Source Files</Filter>
    </ClCompile>
  </ItemGroup>
</Project>