<?xml version="1.0" encoding="utf-8"?>
<Project ToolsVersion="4.0" xmlns="http://schemas.microsoft.com/developer/msbuild/2003">
  <ItemGroup>
    <ClInclude Include="CmpDC_Timer_WECDep.h">
      <Filter>Header Files</Filter>
    </ClInclude>
    <ClInclude Include="CmpDC_Timer_WECItf.h">
      <Filter>Header Files</Filter>
    </ClInclude>
  </ItemGroup>
  <ItemGroup>
    <Filter Include="Source Files">
      <UniqueIdentifier>{85ae8ba2-f994-4f82-bda1-03104372ba74}</UniqueIdentifier>
    </Filter>
    <Filter Include="Header Files">
      <UniqueIdentifier>{ceeb499d-b821-4da8-8021-a6bc8c357e9b}</UniqueIdentifier>
    </Filter>
  </ItemGroup>
  <ItemGroup>
    <ClCompile Include="CmpDC_Timer_WEC.c">
      <Filter>Source Files</Filter>
    </ClCompile>
  </ItemGroup>
</Project>